
Microsoft Visual Studio Solution File, Format Version 11.00
# Visual C# Express 2010
Project("{FAE04EC0-301F-11D3-BF4B-00C04F79EFBC}") = "SimpleGame", "SimpleGame\SimpleGame\SimpleGame.csproj", "{0ACA324E-1B4B-45E8-8F97-BDFD943587A6}"
EndProject
Project("{96E2B04D-8817-42C6-938A-82C39BA4D311}") = "SimpleGameContent", "SimpleGame\SimpleGameContent\SimpleGameContent.contentproj", "{C56A6CF3-89CF-4590-A8F7-4A06D0AFE007}"
EndProject
Global
	GlobalSection(SolutionConfigurationPlatforms) = preSolution
		Debug|x86 = Debug|x86
		Release|x86 = Release|x86
	EndGlobalSection
	GlobalSection(ProjectConfigurationPlatforms) = postSolution
		{0ACA324E-1B4B-45E8-8F97-BDFD943587A6}.Debug|x86.ActiveCfg = Debug|x86
		{0ACA324E-1B4B-45E8-8F97-BDFD943587A6}.Debug|x86.Build.0 = Debug|x86
		{0ACA324E-1B4B-45E8-8F97-BDFD943587A6}.Release|x86.ActiveCfg = Release|x86
		{0ACA324E-1B4B-45E8-8F97-BDFD943587A6}.Release|x86.Build.0 = Release|x86
		{C56A6CF3-89CF-4590-A8F7-4A06D0AFE007}.Debug|x86.ActiveCfg = Debug|x86
		{C56A6CF3-89CF-4590-A8F7-4A06D0AFE007}.Release|x86.ActiveCfg = Release|x86
	EndGlobalSection
	GlobalSection(SolutionProperties) = preSolution
		HideSolutionNode = FALSE
	EndGlobalSection
EndGlobal
